
Microsoft Visual Studio Solution File, Format Version 12.00
# Visual Studio 15
VisualStudioVersion = 15.0.27004.2010
MinimumVisualStudioVersion = 10.0.40219.1
Project("{FAE04EC0-301F-11D3-BF4B-00C04F79EFBC}") = "TRApp.Android", "TRApp\TRApp.Android\TRApp.Android.csproj", "{C50168ED-9B8B-4761-A2C2-A3A9E3F8BEAF}"
EndProject
Project("{FAE04EC0-301F-11D3-BF4B-00C04F79EFBC}") = "TRApp", "TRApp\TRApp\TRApp.csproj", "{73F60DEF-89D0-4772-835A-C65B6243D6BE}"
EndProject
Project("{FAE04EC0-301F-11D3-BF4B-00C04F79EFBC}") = "TRApp.UWP", "TRApp\TRApp.UWP\TRApp.UWP.csproj", "{30E4E205-EB82-4097-B7A4-625D25A98004}"
EndProject
Project("{FAE04EC0-301F-11D3-BF4B-00C04F79EFBC}") = "TRApp.iOS", "TRApp\TRApp.iOS\TRApp.iOS.csproj", "{70E9143A-1561-4B98-9CED-74E0B4A5767C}"
EndProject
Global
	GlobalSection(SolutionConfigurationPlatforms) = preSolution
		Ad-Hoc|Any CPU = Ad-Hoc|Any CPU
		Ad-Hoc|ARM = Ad-Hoc|ARM
		Ad-Hoc|iPhone = Ad-Hoc|iPhone
		Ad-Hoc|iPhoneSimulator = Ad-Hoc|iPhoneSimulator
		Ad-Hoc|x64 = Ad-Hoc|x64
		Ad-Hoc|x86 = Ad-Hoc|x86
		AppStore|Any CPU = AppStore|Any CPU
		AppStore|ARM = AppStore|ARM
		AppStore|iPhone = AppStore|iPhone
		AppStore|iPhoneSimulator = AppStore|iPhoneSimulator
		AppStore|x64 = AppStore|x64
		AppStore|x86 = AppStore|x86
		Debug|Any CPU = Debug|Any CPU
		Debug|ARM = Debug|ARM
		Debug|iPhone = Debug|iPhone
		Debug|iPhoneSimulator = Debug|iPhoneSimulator
		Debug|x64 = Debug|x64
		Debug|x86 = Debug|x86
		Release|Any CPU = Release|Any CPU
		Release|ARM = Release|ARM
		Release|iPhone = Release|iPhone
		Release|iPhoneSimulator = Release|iPhoneSimulator
		Release|x64 = Release|x64
		Release|x86 = Release|x86
	EndGlobalSection
	GlobalSection(ProjectConfigurationPlatforms) = postSolution
		{C50168ED-9B8B-4761-A2C2-A3A9E3F8BEAF}.Ad-Hoc|Any CPU.ActiveCfg = Release|Any CPU
		{C50168ED-9B8B-4761-A2C2-A3A9E3F8BEAF}.Ad-Hoc|Any CPU.Build.0 = Release|Any CPU
		{C50168ED-9B8B-4761-A2C2-A3A9E3F8BEAF}.Ad-Hoc|Any CPU.Deploy.0 = Release|Any CPU
		{C50168ED-9B8B-4761-A2C2-A3A9E3F8BEAF}.Ad-Hoc|ARM.ActiveCfg = Release|Any CPU
		{C50168ED-9B8B-4761-A2C2-A3A9E3F8BEAF}.Ad-Hoc|ARM.Build.0 = Release|Any CPU
		{C50168ED-9B8B-4761-A2C2-A3A9E3F8BEAF}.Ad-Hoc|ARM.Deploy.0 = Release|Any CPU
		{C50168ED-9B8B-4761-A2C2-A3A9E3F8BEAF}.Ad-Hoc|iPhone.ActiveCfg = Release|Any CPU
		{C50168ED-9B8B-4761-A2C2-A3A9E3F8BEAF}.Ad-Hoc|iPhone.Build.0 = Release|Any CPU
		{C50168ED-9B8B-4761-A2C2-A3A9E3F8BEAF}.Ad-Hoc|iPhone.Deploy.0 = Release|Any CPU
		{C50168ED-9B8B-4761-A2C2-A3A9E3F8BEAF}.Ad-Hoc|iPhoneSimulator.ActiveCfg = Release|Any CPU
		{C50168ED-9B8B-4761-A2C2-A3A9E3F8BEAF}.Ad-Hoc|iPhoneSimulator.Build.0 = Release|Any CPU
		{C50168ED-9B8B-4761-A2C2-A3A9E3F8BEAF}.Ad-Hoc|iPhoneSimulator.Deploy.0 = Release|Any CPU
		{C50168ED-9B8B-4761-A2C2-A3A9E3F8BEAF}.Ad-Hoc|x64.ActiveCfg = Release|Any CPU
		{C50168ED-9B8B-4761-A2C2-A3A9E3F8BEAF}.Ad-Hoc|x64.Build.0 = Release|Any CPU
		{C50168ED-9B8B-4761-A2C2-A3A9E3F8BEAF}.Ad-Hoc|x64.Deploy.0 = Release|Any CPU
		{C50168ED-9B8B-4761-A2C2-A3A9E3F8BEAF}.Ad-Hoc|x86.ActiveCfg = Release|Any CPU
		{C50168ED-9B8B-4761-A2C2-A3A9E3F8BEAF}.Ad-Hoc|x86.Build.0 = Release|Any CPU
		{C50168ED-9B8B-4761-A2C2-A3A9E3F8BEAF}.Ad-Hoc|x86.Deploy.0 = Release|Any CPU
		{C50168ED-9B8B-4761-A2C2-A3A9E3F8BEAF}.AppStore|Any CPU.ActiveCfg = Release|Any CPU
		{C50168ED-9B8B-4761-A2C2-A3A9E3F8BEAF}.AppStore|Any CPU.Build.0 = Release|Any CPU
		{C50168ED-9B8B-4761-A2C2-A3A9E3F8BEAF}.AppStore|Any CPU.Deploy.0 = Release|Any CPU
		{C50168ED-9B8B-4761-A2C2-A3A9E3F8BEAF}.AppStore|ARM.ActiveCfg = Release|Any CPU
		{C50168ED-9B8B-4761-A2C2-A3A9E3F8BEAF}.AppStore|ARM.Build.0 = Release|Any CPU
		{C50168ED-9B8B-4761-A2C2-A3A9E3F8BEAF}.AppStore|ARM.Deploy.0 = Release|Any CPU
		{C50168ED-9B8B-4761-A2C2-A3A9E3F8BEAF}.AppStore|iPhone.ActiveCfg = Release|Any CPU
		{C50168ED-9B8B-4761-A2C2-A3A9E3F8BEAF}.AppStore|iPhone.Build.0 = Release|Any CPU
		{C50168ED-9B8B-4761-A2C2-A3A9E3F8BEAF}.AppStore|iPhone.Deploy.0 = Release|Any CPU
		{C50168ED-9B8B-4761-A2C2-A3A9E3F8BEAF}.AppStore|iPhoneSimulator.ActiveCfg = Release|Any CPU
		{C50168ED-9B8B-4761-A2C2-A3A9E3F8BEAF}.AppStore|iPhoneSimulator.Build.0 = Release|Any CPU
		{C50168ED-9B8B-4761-A2C2-A3A9E3F8BEAF}.AppStore|iPhoneSimulator.Deploy.0 = Release|Any CPU
		{C50168ED-9B8B-4761-A2C2-A3A9E3F8BEAF}.AppStore|x64.ActiveCfg = Release|Any CPU
		{C50168ED-9B8B-4761-A2C2-A3A9E3F8BEAF}.AppStore|x64.Build.0 = Release|Any CPU
		{C50168ED-9B8B-4761-A2C2-A3A9E3F8BEAF}.AppStore|x64.Deploy.0 = Release|Any CPU
		{C50168ED-9B8B-4761-A2C2-A3A9E3F8BEAF}.AppStore|x86.ActiveCfg = Release|Any CPU
		{C50168ED-9B8B-4761-A2C2-A3A9E3F8BEAF}.AppStore|x86.Build.0 = Release|Any CPU
		{C50168ED-9B8B-4761-A2C2-A3A9E3F8BEAF}.AppStore|x86.Deploy.0 = Release|Any CPU
		{C50168ED-9B8B-4761-A2C2-A3A9E3F8BEAF}.Debug|Any CPU.ActiveCfg = Debug|Any CPU
		{C50168ED-9B8B-4761-A2C2-A3A9E3F8BEAF}.Debug|Any CPU.Build.0 = Debug|Any CPU
		{C50168ED-9B8B-4761-A2C2-A3A9E3F8BEAF}.Debug|Any CPU.Deploy.0 = Debug|Any CPU
		{C50168ED-9B8B-4761-A2C2-A3A9E3F8BEAF}.Debug|ARM.ActiveCfg = Debug|Any CPU
		{C50168ED-9B8B-4761-A2C2-A3A9E3F8BEAF}.Debug|ARM.Build.0 = Debug|Any CPU
		{C50168ED-9B8B-4761-A2C2-A3A9E3F8BEAF}.Debug|ARM.Deploy.0 = Debug|Any CPU
		{C50168ED-9B8B-4761-A2C2-A3A9E3F8BEAF}.Debug|iPhone.ActiveCfg = Debug|Any CPU
		{C50168ED-9B8B-4761-A2C2-A3A9E3F8BEAF}.Debug|iPhone.Build.0 = Debug|Any CPU
		{C50168ED-9B8B-4761-A2C2-A3A9E3F8BEAF}.Debug|iPhone.Deploy.0 = Debug|Any CPU
		{C50168ED-9B8B-4761-A2C2-A3A9E3F8BEAF}.Debug|iPhoneSimulator.ActiveCfg = Debug|Any CPU
		{C50168ED-9B8B-4761-A2C2-A3A9E3F8BEAF}.Debug|iPhoneSimulator.Build.0 = Debug|Any CPU
		{C50168ED-9B8B-4761-A2C2-A3A9E3F8BEAF}.Debug|iPhoneSimulator.Deploy.0 = Debug|Any CPU
		{C50168ED-9B8B-4761-A2C2-A3A9E3F8BEAF}.Debug|x64.ActiveCfg = Debug|Any CPU
		{C50168ED-9B8B-4761-A2C2-A3A9E3F8BEAF}.Debug|x64.Build.0 = Debug|Any CPU
		{C50168ED-9B8B-4761-A2C2-A3A9E3F8BEAF}.Debug|x64.Deploy.0 = Debug|Any CPU
		{C50168ED-9B8B-4761-A2C2-A3A9E3F8BEAF}.Debug|x86.ActiveCfg = Debug|Any CPU
		{C50168ED-9B8B-4761-A2C2-A3A9E3F8BEAF}.Debug|x86.Build.0 = Debug|Any CPU
		{C50168ED-9B8B-4761-A2C2-A3A9E3F8BEAF}.Debug|x86.Deploy.0 = Debug|Any CPU
		{C50168ED-9B8B-4761-A2C2-A3A9E3F8BEAF}.Release|Any CPU.ActiveCfg = Release|Any CPU
		{C50168ED-9B8B-4761-A2C2-A3A9E3F8BEAF}.Release|Any CPU.Build.0 = Release|Any CPU
		{C50168ED-9B8B-4761-A2C2-A3A9E3F8BEAF}.Release|Any CPU.Deploy.0 = Release|Any CPU
		{C50168ED-9B8B-4761-A2C2-A3A9E3F8BEAF}.Release|ARM.ActiveCfg = Release|Any CPU
		{C50168ED-9B8B-4761-A2C2-A3A9E3F8BEAF}.Release|ARM.Build.0 = Release|Any CPU
		{C50168ED-9B8B-4761-A2C2-A3A9E3F8BEAF}.Release|ARM.Deploy.0 = Release|Any CPU
		{C50168ED-9B8B-4761-A2C2-A3A9E3F8BEAF}.Release|iPhone.ActiveCfg = Release|Any CPU
		{C50168ED-9B8B-4761-A2C2-A3A9E3F8BEAF}.Release|iPhone.Build.0 = Release|Any CPU
		{C50168ED-9B8B-4761-A2C2-A3A9E3F8BEAF}.Release|iPhone.Deploy.0 = Release|Any CPU
		{C50168ED-9B8B-4761-A2C2-A3A9E3F8BEAF}.Release|iPhoneSimulator.ActiveCfg = Release|Any CPU
		{C50168ED-9B8B-4761-A2C2-A3A9E3F8BEAF}.Release|iPhoneSimulator.Build.0 = Release|Any CPU
		{C50168ED-9B8B-4761-A2C2-A3A9E3F8BEAF}.Release|iPhoneSimulator.Deploy.0 = Release|Any CPU
		{C50168ED-9B8B-4761-A2C2-A3A9E3F8BEAF}.Release|x64.ActiveCfg = Release|Any CPU
		{C50168ED-9B8B-4761-A2C2-A3A9E3F8BEAF}.Release|x64.Build.0 = Release|Any CPU
		{C50168ED-9B8B-4761-A2C2-A3A9E3F8BEAF}.Release|x64.Deploy.0 = Release|Any CPU
		{C50168ED-9B8B-4761-A2C2-A3A9E3F8BEAF}.Release|x86.ActiveCfg = Release|Any CPU
		{C50168ED-9B8B-4761-A2C2-A3A9E3F8BEAF}.Release|x86.Build.0 = Release|Any CPU
		{C50168ED-9B8B-4761-A2C2-A3A9E3F8BEAF}.Release|x86.Deploy.0 = Release|Any CPU
		{73F60DEF-89D0-4772-835A-C65B6243D6BE}.Ad-Hoc|Any CPU.ActiveCfg = Release|Any CPU
		{73F60DEF-89D0-4772-835A-C65B6243D6BE}.Ad-Hoc|Any CPU.Build.0 = Release|Any CPU
		{73F60DEF-89D0-4772-835A-C65B6243D6BE}.Ad-Hoc|ARM.ActiveCfg = Release|Any CPU
		{73F60DEF-89D0-4772-835A-C65B6243D6BE}.Ad-Hoc|ARM.Build.0 = Release|Any CPU
		{73F60DEF-89D0-4772-835A-C65B6243D6BE}.Ad-Hoc|iPhone.ActiveCfg = Release|Any CPU
		{73F60DEF-89D0-4772-835A-C65B6243D6BE}.Ad-Hoc|iPhone.Build.0 = Release|Any CPU
		{73F60DEF-89D0-4772-835A-C65B6243D6BE}.Ad-Hoc|iPhoneSimulator.ActiveCfg = Release|Any CPU
		{73F60DEF-89D0-4772-835A-C65B6243D6BE}.Ad-Hoc|iPhoneSimulator.Build.0 = Release|Any CPU
		{73F60DEF-89D0-4772-835A-C65B6243D6BE}.Ad-Hoc|x64.ActiveCfg = Release|Any CPU
		{73F60DEF-89D0-4772-835A-C65B6243D6BE}.Ad-Hoc|x64.Build.0 = Release|Any CPU
		{73F60DEF-89D0-4772-835A-C65B6243D6BE}.Ad-Hoc|x86.ActiveCfg = Release|Any CPU
		{73F60DEF-89D0-4772-835A-C65B6243D6BE}.Ad-Hoc|x86.Build.0 = Release|Any CPU
		{73F60DEF-89D0-4772-835A-C65B6243D6BE}.AppStore|Any CPU.ActiveCfg = Release|Any CPU
		{73F60DEF-89D0-4772-835A-C65B6243D6BE}.AppStore|Any CPU.Build.0 = Release|Any CPU
		{73F60DEF-89D0-4772-835A-C65B6243D6BE}.AppStore|ARM.ActiveCfg = Release|Any CPU
		{73F60DEF-89D0-4772-835A-C65B6243D6BE}.AppStore|ARM.Build.0 = Release|Any CPU
		{73F60DEF-89D0-4772-835A-C65B6243D6BE}.AppStore|iPhone.ActiveCfg = Release|Any CPU
		{73F60DEF-89D0-4772-835A-C65B6243D6BE}.AppStore|iPhone.Build.0 = Release|Any CPU
		{73F60DEF-89D0-4772-835A-C65B6243D6BE}.AppStore|iPhoneSimulator.ActiveCfg = Release|Any CPU
		{73F60DEF-89D0-4772-835A-C65B6243D6BE}.AppStore|iPhoneSimulator.Build.0 = Release|Any CPU
		{73F60DEF-89D0-4772-835A-C65B6243D6BE}.AppStore|x64.ActiveCfg = Release|Any CPU
		{73F60DEF-89D0-4772-835A-C65B6243D6BE}.AppStore|x64.Build.0 = Release|Any CPU
		{73F60DEF-89D0-4772-835A-C65B6243D6BE}.AppStore|x86.ActiveCfg = Release|Any CPU
		{73F60DEF-89D0-4772-835A-C65B6243D6BE}.AppStore|x86.Build.0 = Release|Any CPU
		{73F60DEF-89D0-4772-835A-C65B6243D6BE}.Debug|Any CPU.ActiveCfg = Debug|Any CPU
		{73F60DEF-89D0-4772-835A-C65B6243D6BE}.Debug|Any CPU.Build.0 = Debug|Any CPU
		{73F60DEF-89D0-4772-835A-C65B6243D6BE}.Debug|ARM.ActiveCfg = Debug|Any CPU
		{73F60DEF-89D0-4772-835A-C65B6243D6BE}.Debug|ARM.Build.0 = Debug|Any CPU
		{73F60DEF-89D0-4772-835A-C65B6243D6BE}.Debug|iPhone.ActiveCfg = Debug|Any CPU
		{73F60DEF-89D0-4772-835A-C65B6243D6BE}.Debug|iPhone.Build.0 = Debug|Any CPU
		{73F60DEF-89D0-4772-835A-C65B6243D6BE}.Debug|iPhoneSimulator.ActiveCfg = Debug|Any CPU
		{73F60DEF-89D0-4772-835A-C65B6243D6BE}.Debug|iPhoneSimulator.Build.0 = Debug|Any CPU
		{73F60DEF-89D0-4772-835A-C65B6243D6BE}.Debug|x64.ActiveCfg = Debug|Any CPU
		{73F60DEF-89D0-4772-835A-C65B6243D6BE}.Debug|x64.Build.0 = Debug|Any CPU
		{73F60DEF-89D0-4772-835A-C65B6243D6BE}.Debug|x86.ActiveCfg = Debug|Any CPU
		{73F60DEF-89D0-4772-835A-C65B6243D6BE}.Debug|x86.Build.0 = Debug|Any CPU
		{73F60DEF-89D0-4772-835A-C65B6243D6BE}.Release|Any CPU.ActiveCfg = Release|Any CPU
		{73F60DEF-89D0-4772-835A-C65B6243D6BE}.Release|Any CPU.Build.0 = Release|Any CPU
		{73F60DEF-89D0-4772-835A-C65B6243D6BE}.Release|ARM.ActiveCfg = Release|Any CPU
		{73F60DEF-89D0-4772-835A-C65B6243D6BE}.Release|ARM.Build.0 = Release|Any CPU
		{73F60DEF-89D0-4772-835A-C65B6243D6BE}.Release|iPhone.ActiveCfg = Release|Any CPU
		{73F60DEF-89D0-4772-835A-C65B6243D6BE}.Release|iPhone.Build.0 = Release|Any CPU
		{73F60DEF-89D0-4772-835A-C65B6243D6BE}.Release|iPhoneSimulator.ActiveCfg = Release|Any CPU
		{73F60DEF-89D0-4772-835A-C65B6243D6BE}.Release|iPhoneSimulator.Build.0 = Release|Any CPU
		{73F60DEF-89D0-4772-835A-C65B6243D6BE}.Release|x64.ActiveCfg = Release|Any CPU
		{73F60DEF-89D0-4772-835A-C65B6243D6BE}.Release|x64.Build.0 = Release|Any CPU
		{73F60DEF-89D0-4772-835A-C65B6243D6BE}.Release|x86.ActiveCfg = Release|Any CPU
		{73F60DEF-89D0-4772-835A-C65B6243D6BE}.Release|x86.Build.0 = Release|Any CPU
		{30E4E205-EB82-4097-B7A4-625D25A98004}.Ad-Hoc|Any CPU.ActiveCfg = Release|x86
		{30E4E205-EB82-4097-B7A4-625D25A98004}.Ad-Hoc|Any CPU.Build.0 = Release|x86
		{30E4E205-EB82-4097-B7A4-625D25A98004}.Ad-Hoc|Any CPU.Deploy.0 = Release|x86
		{30E4E205-EB82-4097-B7A4-625D25A98004}.Ad-Hoc|ARM.ActiveCfg = Release|ARM
		{30E4E205-EB82-4097-B7A4-625D25A98004}.Ad-Hoc|ARM.Build.0 = Release|ARM
		{30E4E205-EB82-4097-B7A4-625D25A98004}.Ad-Hoc|ARM.Deploy.0 = Release|ARM
		{30E4E205-EB82-4097-B7A4-625D25A98004}.Ad-Hoc|iPhone.ActiveCfg = Release|x86
		{30E4E205-EB82-4097-B7A4-625D25A98004}.Ad-Hoc|iPhone.Build.0 = Release|x86
		{30E4E205-EB82-4097-B7A4-625D25A98004}.Ad-Hoc|iPhone.Deploy.0 = Release|x86
		{30E4E205-EB82-4097-B7A4-625D25A98004}.Ad-Hoc|iPhoneSimulator.ActiveCfg = Release|x86
		{30E4E205-EB82-4097-B7A4-625D25A98004}.Ad-Hoc|iPhoneSimulator.Build.0 = Release|x86
		{30E4E205-EB82-4097-B7A4-625D25A98004}.Ad-Hoc|iPhoneSimulator.Deploy.0 = Release|x86
		{30E4E205-EB82-4097-B7A4-625D25A98004}.Ad-Hoc|x64.ActiveCfg = Release|x64
		{30E4E205-EB82-4097-B7A4-625D25A98004}.Ad-Hoc|x64.Build.0 = Release|x64
		{30E4E205-EB82-4097-B7A4-625D25A98004}.Ad-Hoc|x64.Deploy.0 = Release|x64
		{30E4E205-EB82-4097-B7A4-625D25A98004}.Ad-Hoc|x86.ActiveCfg = Release|x86
		{30E4E205-EB82-4097-B7A4-625D25A98004}.Ad-Hoc|x86.Build.0 = Release|x86
		{30E4E205-EB82-4097-B7A4-625D25A98004}.Ad-Hoc|x86.Deploy.0 = Release|x86
		{30E4E205-EB82-4097-B7A4-625D25A98004}.AppStore|Any CPU.ActiveCfg = Release|x86
		{30E4E205-EB82-4097-B7A4-625D25A98004}.AppStore|Any CPU.Build.0 = Release|x86
		{30E4E205-EB82-4097-B7A4-625D25A98004}.AppStore|Any CPU.Deploy.0 = Release|x86
		{30E4E205-EB82-4097-B7A4-625D25A98004}.AppStore|ARM.ActiveCfg = Release|ARM
		{30E4E205-EB82-4097-B7A4-625D25A98004}.AppStore|ARM.Build.0 = Release|ARM
		{30E4E205-EB82-4097-B7A4-625D25A98004}.AppStore|ARM.Deploy.0 = Release|ARM
		{30E4E205-EB82-4097-B7A4-625D25A98004}.AppStore|iPhone.ActiveCfg = Release|x86
		{30E4E205-EB82-4097-B7A4-625D25A98004}.AppStore|iPhone.Build.0 = Release|x86
		{30E4E205-EB82-4097-B7A4-625D25A98004}.AppStore|iPhone.Deploy.0 = Release|x86
		{30E4E205-EB82-4097-B7A4-625D25A98004}.AppStore|iPhoneSimulator.ActiveCfg = Release|x86
		{30E4E205-EB82-4097-B7A4-625D25A98004}.AppStore|iPhoneSimulator.Build.0 = Release|x86
		{30E4E205-EB82-4097-B7A4-625D25A98004}.AppStore|iPhoneSimulator.Deploy.0 = Release|x86
		{30E4E205-EB82-4097-B7A4-625D25A98004}.AppStore|x64.ActiveCfg = Release|x64
		{30E4E205-EB82-4097-B7A4-625D25A98004}.AppStore|x64.Build.0 = Release|x64
		{30E4E205-EB82-4097-B7A4-625D25A98004}.AppStore|x64.Deploy.0 = Release|x64
		{30E4E205-EB82-4097-B7A4-625D25A98004}.AppStore|x86.ActiveCfg = Release|x86
		{30E4E205-EB82-4097-B7A4-625D25A98004}.AppStore|x86.Build.0 = Release|x86
		{30E4E205-EB82-4097-B7A4-625D25A98004}.AppStore|x86.Deploy.0 = Release|x86
		{30E4E205-EB82-4097-B7A4-625D25A98004}.Debug|Any CPU.ActiveCfg = Debug|x86
		{30E4E205-EB82-4097-B7A4-625D25A98004}.Debug|ARM.ActiveCfg = Debug|ARM
		{30E4E205-EB82-4097-B7A4-625D25A98004}.Debug|ARM.Build.0 = Debug|ARM
		{30E4E205-EB82-4097-B7A4-625D25A98004}.Debug|ARM.Deploy.0 = Debug|ARM
		{30E4E205-EB82-4097-B7A4-625D25A98004}.Debug|iPhone.ActiveCfg = Debug|x86
		{30E4E205-EB82-4097-B7A4-625D25A98004}.Debug|iPhoneSimulator.ActiveCfg = Debug|x86
		{30E4E205-EB82-4097-B7A4-625D25A98004}.Debug|x64.ActiveCfg = Debug|x64
		{30E4E205-EB82-4097-B7A4-625D25A98004}.Debug|x64.Build.0 = Debug|x64
		{30E4E205-EB82-4097-B7A4-625D25A98004}.Debug|x64.Deploy.0 = Debug|x64
		{30E4E205-EB82-4097-B7A4-625D25A98004}.Debug|x86.ActiveCfg = Debug|x86
		{30E4E205-EB82-4097-B7A4-625D25A98004}.Debug|x86.Build.0 = Debug|x86
		{30E4E205-EB82-4097-B7A4-625D25A98004}.Debug|x86.Deploy.0 = Debug|x86
		{30E4E205-EB82-4097-B7A4-625D25A98004}.Release|Any CPU.ActiveCfg = Release|x86
		{30E4E205-EB82-4097-B7A4-625D25A98004}.Release|ARM.ActiveCfg = Release|ARM
		{30E4E205-EB82-4097-B7A4-625D25A98004}.Release|ARM.Build.0 = Release|ARM
		{30E4E205-EB82-4097-B7A4-625D25A98004}.Release|ARM.Deploy.0 = Release|ARM
		{30E4E205-EB82-4097-B7A4-625D25A98004}.Release|iPhone.ActiveCfg = Release|x86
		{30E4E205-EB82-4097-B7A4-625D25A98004}.Release|iPhoneSimulator.ActiveCfg = Release|x86
		{30E4E205-EB82-4097-B7A4-625D25A98004}.Release|x64.ActiveCfg = Release|x64
		{30E4E205-EB82-4097-B7A4-625D25A98004}.Release|x64.Build.0 = Release|x64
		{30E4E205-EB82-4097-B7A4-625D25A98004}.Release|x64.Deploy.0 = Release|x64
		{30E4E205-EB82-4097-B7A4-625D25A98004}.Release|x86.ActiveCfg = Release|x86
		{30E4E205-EB82-4097-B7A4-625D25A98004}.Release|x86.Build.0 = Release|x86
		{30E4E205-EB82-4097-B7A4-625D25A98004}.Release|x86.Deploy.0 = Release|x86
		{70E9143A-1561-4B98-9CED-74E0B4A5767C}.Ad-Hoc|Any CPU.ActiveCfg = Ad-Hoc|iPhoneSimulator
		{70E9143A-1561-4B98-9CED-74E0B4A5767C}.Ad-Hoc|ARM.ActiveCfg = Ad-Hoc|iPhone
		{70E9143A-1561-4B98-9CED-74E0B4A5767C}.Ad-Hoc|iPhone.ActiveCfg = Ad-Hoc|iPhone
		{70E9143A-1561-4B98-9CED-74E0B4A5767C}.Ad-Hoc|iPhone.Build.0 = Ad-Hoc|iPhone
		{70E9143A-1561-4B98-9CED-74E0B4A5767C}.Ad-Hoc|iPhoneSimulator.ActiveCfg = Ad-Hoc|iPhoneSimulator
		{70E9143A-1561-4B98-9CED-74E0B4A5767C}.Ad-Hoc|iPhoneSimulator.Build.0 = Ad-Hoc|iPhoneSimulator
		{70E9143A-1561-4B98-9CED-74E0B4A5767C}.Ad-Hoc|x64.ActiveCfg = Ad-Hoc|iPhone
		{70E9143A-1561-4B98-9CED-74E0B4A5767C}.Ad-Hoc|x86.ActiveCfg = Ad-Hoc|iPhone
		{70E9143A-1561-4B98-9CED-74E0B4A5767C}.AppStore|Any CPU.ActiveCfg = AppStore|iPhoneSimulator
		{70E9143A-1561-4B98-9CED-74E0B4A5767C}.AppStore|ARM.ActiveCfg = AppStore|iPhone
		{70E9143A-1561-4B98-9CED-74E0B4A5767C}.AppStore|iPhone.ActiveCfg = AppStore|iPhone
		{70E9143A-1561-4B98-9CED-74E0B4A5767C}.AppStore|iPhone.Build.0 = AppStore|iPhone
		{70E9143A-1561-4B98-9CED-74E0B4A5767C}.AppStore|iPhoneSimulator.ActiveCfg = AppStore|iPhoneSimulator
		{70E9143A-1561-4B98-9CED-74E0B4A5767C}.AppStore|iPhoneSimulator.Build.0 = AppStore|iPhoneSimulator
		{70E9143A-1561-4B98-9CED-74E0B4A5767C}.AppStore|x64.ActiveCfg = AppStore|iPhone
		{70E9143A-1561-4B98-9CED-74E0B4A5767C}.AppStore|x86.ActiveCfg = AppStore|iPhone
		{70E9143A-1561-4B98-9CED-74E0B4A5767C}.Debug|Any CPU.ActiveCfg = Debug|iPhoneSimulator
		{70E9143A-1561-4B98-9CED-74E0B4A5767C}.Debug|ARM.ActiveCfg = Debug|iPhone
		{70E9143A-1561-4B98-9CED-74E0B4A5767C}.Debug|iPhone.ActiveCfg = Debug|iPhone
		{70E9143A-1561-4B98-9CED-74E0B4A5767C}.Debug|iPhone.Build.0 = Debug|iPhone
		{70E9143A-1561-4B98-9CED-74E0B4A5767C}.Debug|iPhoneSimulator.ActiveCfg = Debug|iPhoneSimulator
		{70E9143A-1561-4B98-9CED-74E0B4A5767C}.Debug|iPhoneSimulator.Build.0 = Debug|iPhoneSimulator
		{70E9143A-1561-4B98-9CED-74E0B4A5767C}.Debug|x64.ActiveCfg = Debug|iPhone
		{70E9143A-1561-4B98-9CED-74E0B4A5767C}.Debug|x86.ActiveCfg = Debug|iPhone
		{70E9143A-1561-4B98-9CED-74E0B4A5767C}.Release|Any CPU.ActiveCfg = Release|iPhoneSimulator
		{70E9143A-1561-4B98-9CED-74E0B4A5767C}.Release|ARM.ActiveCfg = Release|iPhone
		{70E9143A-1561-4B98-9CED-74E0B4A5767C}.Release|iPhone.ActiveCfg = Release|iPhone
		{70E9143A-1561-4B98-9CED-74E0B4A5767C}.Release|iPhone.Build.0 = Release|iPhone
		{70E9143A-1561-4B98-9CED-74E0B4A5767C}.Release|iPhoneSimulator.ActiveCfg = Release|iPhoneSimulator
		{70E9143A-1561-4B98-9CED-74E0B4A5767C}.Release|iPhoneSimulator.Build.0 = Release|iPhoneSimulator
		{70E9143A-1561-4B98-9CED-74E0B4A5767C}.Release|x64.ActiveCfg = Release|iPhone
		{70E9143A-1561-4B98-9CED-74E0B4A5767C}.Release|x86.ActiveCfg = Release|iPhone
	EndGlobalSection
	GlobalSection(SolutionProperties) = preSolution
		HideSolutionNode = FALSE
	EndGlobalSection
	GlobalSection(ExtensibilityGlobals) = postSolution
		SolutionGuid = {29C4ED07-3952-4C52-B567-D712BE4C1A27}
	EndGlobalSection
EndGlobal
